// !$*UTF8*$!
{
	archiveVersion = 1;
	classes = {
	};
	objectVersion = 77;
	objects = {

/* Begin PBXContainerItemProxy section */
		A4F7863D2DB80A4D000BBAB4 /* PBXContainerItemProxy */ = {
			isa = PBXContainerItemProxy;
			containerPortal = A4F786242DB80A4C000BBAB4 /* Project object */;
			proxyType = 1;
			remoteGlobalIDString = A4F7862B2DB80A4C000BBAB4;
			remoteInfo = "dawg-facts";
		};
		A4F786472DB80A4D000BBAB4 /* PBXContainerItemProxy */ = {
			isa = PBXContainerItemProxy;
			containerPortal = A4F786242DB80A4C000BBAB4 /* Project object */;
			proxyType = 1;
			remoteGlobalIDString = A4F7862B2DB80A4C000BBAB4;
			remoteInfo = "dawg-facts";
		};
/* End PBXContainerItemProxy section */

/* Begin PBXFileReference section */
		A4F7862C2DB80A4C000BBAB4 /* dawg-facts.app */ = {isa = PBXFileReference; explicitFileType = wrapper.application; includeInIndex = 0; path = "dawg-facts.app"; sourceTree = BUILT_PRODUCTS_DIR; };
		A4F7863C2DB80A4D000BBAB4 /* dawg-factsTests.xctest */ = {isa = PBXFileReference; explicitFileType = wrapper.cfbundle; includeInIndex = 0; path = "dawg-factsTests.xctest"; sourceTree = BUILT_PRODUCTS_DIR; };
		A4F786462DB80A4D000BBAB4 /* dawg-factsUITests.xctest */ = {isa = PBXFileReference; explicitFileType = wrapper.cfbundle; includeInIndex = 0; path = "dawg-factsUITests.xctest"; sourceTree = BUILT_PRODUCTS_DIR; };
/* End PBXFileReference section */

/* Begin PBXFileSystemSynchronizedRootGroup section */
		A4F7862E2DB80A4C000BBAB4 /* dawg-facts */ = {
			isa = PBXFileSystemSynchronizedRootGroup;
			path = "dawg-facts";
			sourceTree = "<group>";
		};
		A4F7863F2DB80A4D000BBAB4 /* dawg-factsTests */ = {
			isa = PBXFileSystemSynchronizedRootGroup;
			path = "dawg-factsTests";
			sourceTree = "<group>";
		};
		A4F786492DB80A4D000BBAB4 /* dawg-factsUITests */ = {
			isa = PBXFileSystemSynchronizedRootGroup;
			path = "dawg-factsUITests";
			sourceTree = "<group>";
		};
/* End PBXFileSystemSynchronizedRootGroup section */

/* Begin PBXFrameworksBuildPhase section */
		A4F786292DB80A4C000BBAB4 /* Frameworks */ = {
			isa = PBXFrameworksBuildPhase;
			buildActionMask = 2147483647;
			files = (
			);
			runOnlyForDeploymentPostprocessing = 0;
		};
		A4F786392DB80A4D000BBAB4 /* Frameworks */ = {
			isa = PBXFrameworksBuildPhase;
			buildActionMask = 2147483647;
			files = (
			);
			runOnlyForDeploymentPostprocessing = 0;
		};
		A4F786432DB80A4D000BBAB4 /* Frameworks */ = {
			isa = PBXFrameworksBuildPhase;
			buildActionMask = 2147483647;
			files = (
			);
			runOnlyForDeploymentPostprocessing = 0;
		};
/* End PBXFrameworksBuildPhase section */

/* Begin PBXGroup section */
		A4F786232DB80A4C000BBAB4 = {
			isa = PBXGroup;
			children = (
				A4F7862E2DB80A4C000BBAB4 /* dawg-facts */,
				A4F7863F2DB80A4D000BBAB4 /* dawg-factsTests */,
				A4F786492DB80A4D000BBAB4 /* dawg-factsUITests */,
				A4F7862D2DB80A4C000BBAB4 /* Products */,
			);
			sourceTree = "<group>";
		};
		A4F7862D2DB80A4C000BBAB4 /* Products */ = {
			isa = PBXGroup;
			children = (
				A4F7862C2DB80A4C000BBAB4 /* dawg-facts.app */,
				A4F7863C2DB80A4D000BBAB4 /* dawg-factsTests.xctest */,
				A4F786462DB80A4D000BBAB4 /* dawg-factsUITests.xctest */,
			);
			name = Products;
			sourceTree = "<group>";
		};
/* End PBXGroup section */

/* Begin PBXNativeTarget section */
		A4F7862B2DB80A4C000BBAB4 /* dawg-facts */ = {
			isa = PBXNativeTarget;
			buildConfigurationList = A4F786502DB80A4D000BBAB4 /* Build configuration list for PBXNativeTarget "dawg-facts" */;
			buildPhases = (
				A4F786282DB80A4C000BBAB4 /* Sources */,
				A4F786292DB80A4C000BBAB4 /* Frameworks */,
				A4F7862A2DB80A4C000BBAB4 /* Resources */,
			);
			buildRules = (
			);
			dependencies = (
			);
			fileSystemSynchronizedGroups = (
				A4F7862E2DB80A4C000BBAB4 /* dawg-facts */,
			);
			name = "dawg-facts";
			packageProductDependencies = (
			);
			productName = "dawg-facts";
			productReference = A4F7862C2DB80A4C000BBAB4 /* dawg-facts.app */;
			productType = "com.apple.product-type.application";
		};
		A4F7863B2DB80A4D000BBAB4 /* dawg-factsTests */ = {
			isa = PBXNativeTarget;
			buildConfigurationList = A4F786532DB80A4D000BBAB4 /* Build configuration list for PBXNativeTarget "dawg-factsTests" */;
			buildPhases = (
				A4F786382DB80A4D000BBAB4 /* Sources */,
				A4F786392DB80A4D000BBAB4 /* Frameworks */,
				A4F7863A2DB80A4D000BBAB4 /* Resources */,
			);
			buildRules = (
			);
			dependencies = (
				A4F7863E2DB80A4D000BBAB4 /* PBXTargetDependency */,
			);
			fileSystemSynchronizedGroups = (
				A4F7863F2DB80A4D000BBAB4 /* dawg-factsTests */,
			);
			name = "dawg-factsTests";
			packageProductDependencies = (
			);
			productName = "dawg-factsTests";
			productReference = A4F7863C2DB80A4D000BBAB4 /* dawg-factsTests.xctest */;
			productType = "com.apple.product-type.bundle.unit-test";
		};
		A4F786452DB80A4D000BBAB4 /* dawg-factsUITests */ = {
			isa = PBXNativeTarget;
			buildConfigurationList = A4F786562DB80A4D000BBAB4 /* Build configuration list for PBXNativeTarget "dawg-factsUITests" */;
			buildPhases = (
				A4F786422DB80A4D000BBAB4 /* Sources */,
				A4F786432DB80A4D000BBAB4 /* Frameworks */,
				A4F786442DB80A4D000BBAB4 /* Resources */,
			);
			buildRules = (
			);
			dependencies = (
				A4F786482DB80A4D000BBAB4 /* PBXTargetDependency */,
			);
			fileSystemSynchronizedGroups = (
				A4F786492DB80A4D000BBAB4 /* dawg-factsUITests */,
			);
			name = "dawg-factsUITests";
			packageProductDependencies = (
			);
			productName = "dawg-factsUITests";
			productReference = A4F786462DB80A4D000BBAB4 /* dawg-factsUITests.xctest */;
			productType = "com.apple.product-type.bundle.ui-testing";
		};
/* End PBXNativeTarget section */

/* Begin PBXProject section */
		A4F786242DB80A4C000BBAB4 /* Project object */ = {
			isa = PBXProject;
			attributes = {
				BuildIndependentTargetsInParallel = 1;
				LastSwiftUpdateCheck = 1620;
				LastUpgradeCheck = 1620;
				TargetAttributes = {
					A4F7862B2DB80A4C000BBAB4 = {
						CreatedOnToolsVersion = 16.2;
					};
					A4F7863B2DB80A4D000BBAB4 = {
						CreatedOnToolsVersion = 16.2;
						TestTargetID = A4F7862B2DB80A4C000BBAB4;
					};
					A4F786452DB80A4D000BBAB4 = {
						CreatedOnToolsVersion = 16.2;
						TestTargetID = A4F7862B2DB80A4C000BBAB4;
					};
				};
			};
			buildConfigurationList = A4F786272DB80A4C000BBAB4 /* Build configuration list for PBXProject "dawg-facts" */;
			developmentRegion = en;
			hasScannedForEncodings = 0;
			knownRegions = (
				en,
				Base,
			);
			mainGroup = A4F786232DB80A4C000BBAB4;
			minimizedProjectReferenceProxies = 1;
			preferredProjectObjectVersion = 77;
			productRefGroup = A4F7862D2DB80A4C000BBAB4 /* Products */;
			projectDirPath = "";
			projectRoot = "";
			targets = (
				A4F7862B2DB80A4C000BBAB4 /* dawg-facts */,
				A4F7863B2DB80A4D000BBAB4 /* dawg-factsTests */,
				A4F786452DB80A4D000BBAB4 /* dawg-factsUITests */,
			);
		};
/* End PBXProject section */

/* Begin PBXResourcesBuildPhase section */
		A4F7862A2DB80A4C000BBAB4 /* Resources */ = {
			isa = PBXResourcesBuildPhase;
			buildActionMask = 2147483647;
			files = (
			);
			runOnlyForDeploymentPostprocessing = 0;
		};
		A4F7863A2DB80A4D000BBAB4 /* Resources */ = {
			isa = PBXResourcesBuildPhase;
			buildActionMask = 2147483647;
			files = (
			);
			runOnlyForDeploymentPostprocessing = 0;
		};
		A4F786442DB80A4D000BBAB4 /* Resources */ = {
			isa = PBXResourcesBuildPhase;
			buildActionMask = 2147483647;
			files = (
			);
			runOnlyForDeploymentPostprocessing = 0;
		};
/* End PBXResourcesBuildPhase section */

/* Begin PBXSourcesBuildPhase section */
		A4F786282DB80A4C000BBAB4 /* Sources */ = {
			isa = PBXSourcesBuildPhase;
			buildActionMask = 2147483647;
			files = (
			);
			runOnlyForDeploymentPostprocessing = 0;
		};
		A4F786382DB80A4D000BBAB4 /* Sources */ = {
			isa = PBXSourcesBuildPhase;
			buildActionMask = 2147483647;
			files = (
			);
			runOnlyForDeploymentPostprocessing = 0;
		};
		A4F786422DB80A4D000BBAB4 /* Sources */ = {
			isa = PBXSourcesBuildPhase;
			buildActionMask = 2147483647;
			files = (
			);
			runOnlyForDeploymentPostprocessing = 0;
		};
/* End PBXSourcesBuildPhase section */

/* Begin PBXTargetDependency section */
		A4F7863E2DB80A4D000BBAB4 /* PBXTargetDependency */ = {
			isa = PBXTargetDependency;
			target = A4F7862B2DB80A4C000BBAB4 /* dawg-facts */;
			targetProxy = A4F7863D2DB80A4D000BBAB4 /* PBXContainerItemProxy */;
		};
		A4F786482DB80A4D000BBAB4 /* PBXTargetDependency */ = {
			isa = PBXTargetDependency;
			target = A4F7862B2DB80A4C000BBAB4 /* dawg-facts */;
			targetProxy = A4F786472DB80A4D000BBAB4 /* PBXContainerItemProxy */;
		};
/* End PBXTargetDependency section */

/* Begin XCBuildConfiguration section */
		A4F7864E2DB80A4D000BBAB4 /* Debug */ = {
			isa = XCBuildConfiguration;
			buildSettings = {
				ALWAYS_SEARCH_USER_PATHS = NO;
				ASSETCATALOG_COMPILER_GENERATE_SWIFT_ASSET_SYMBOL_EXTENSIONS = YES;
				CLANG_ANALYZER_NONNULL = YES;
				CLANG_ANALYZER_NUMBER_OBJECT_CONVERSION = YES_AGGRESSIVE;
				CLANG_CXX_LANGUAGE_STANDARD = "gnu++20";
				CLANG_ENABLE_MODULES = YES;
				CLANG_ENABLE_OBJC_ARC = YES;
				CLANG_ENABLE_OBJC_WEAK = YES;
				CLANG_WARN_BLOCK_CAPTURE_AUTORELEASING = YES;
				CLANG_WARN_BOOL_CONVERSION = YES;
				CLANG_WARN_COMMA = YES;
				CLANG_WARN_CONSTANT_CONVERSION = YES;
				CLANG_WARN_DEPRECATED_OBJC_IMPLEMENTATIONS = YES;
				CLANG_WARN_DIRECT_OBJC_ISA_USAGE = YES_ERROR;
				CLANG_WARN_DOCUMENTATION_COMMENTS = YES;
				CLANG_WARN_EMPTY_BODY = YES;
				CLANG_WARN_ENUM_CONVERSION = YES;
				CLANG_WARN_INFINITE_RECURSION = YES;
				CLANG_WARN_INT_CONVERSION = YES;
				CLANG_WARN_NON_LITERAL_NULL_CONVERSION = YES;
				CLANG_WARN_OBJC_IMPLICIT_RETAIN_SELF = YES;
				CLANG_WARN_OBJC_LITERAL_CONVERSION = YES;
				CLANG_WARN_OBJC_ROOT_CLASS = YES_ERROR;
				CLANG_WARN_QUOTED_INCLUDE_IN_FRAMEWORK_HEADER = YES;
				CLANG_WARN_RANGE_LOOP_ANALYSIS = YES;
				CLANG_WARN_STRICT_PROTOTYPES = YES;
				CLANG_WARN_SUSPICIOUS_MOVE = YES;
				CLANG_WARN_UNGUARDED_AVAILABILITY = YES_AGGRESSIVE;
				CLANG_WARN_UNREACHABLE_CODE = YES;
				CLANG_WARN__DUPLICATE_METHOD_MATCH = YES;
				COPY_PHASE_STRIP = NO;
				DEBUG_INFORMATION_FORMAT = dwarf;
				ENABLE_STRICT_OBJC_MSGSEND = YES;
				ENABLE_TESTABILITY = YES;
				ENABLE_USER_SCRIPT_SANDBOXING = YES;
				GCC_C_LANGUAGE_STANDARD = gnu17;
				GCC_DYNAMIC_NO_PIC = NO;
				GCC_NO_COMMON_BLOCKS = YES;
				GCC_OPTIMIZATION_LEVEL = 0;
				GCC_PREPROCESSOR_DEFINITIONS = (
					"DEBUG=1",
					"$(inherited)",
				);
				GCC_WARN_64_TO_32_BIT_CONVERSION = YES;
				GCC_WARN_ABOUT_RETURN_TYPE = YES_ERROR;
				GCC_WARN_UNDECLARED_SELECTOR = YES;
				GCC_WARN_UNINITIALIZED_AUTOS = YES_AGGRESSIVE;
				GCC_WARN_UNUSED_FUNCTION = YES;
				GCC_WARN_UNUSED_VARIABLE = YES;
				IPHONEOS_DEPLOYMENT_TARGET = 18.2;
				LOCALIZATION_PREFERS_STRING_CATALOGS = YES;
				MTL_ENABLE_DEBUG_INFO = INCLUDE_SOURCE;
				MTL_FAST_MATH = YES;
				ONLY_ACTIVE_ARCH = YES;
				SDKROOT = iphoneos;
				SWIFT_ACTIVE_COMPILATION_CONDITIONS = "DEBUG $(inherited)";
				SWIFT_OPTIMIZATION_LEVEL = "-Onone";
			};
			name = Debug;
		};
		A4F7864F2DB80A4D000BBAB4 /* Release */ = {
			isa = XCBuildConfiguration;
			buildSettings = {
				ALWAYS_SEARCH_USER_PATHS = NO;
				ASSETCATALOG_COMPILER_GENERATE_SWIFT_ASSET_SYMBOL_EXTENSIONS = YES;
				CLANG_ANALYZER_NONNULL = YES;
				CLANG_ANALYZER_NUMBER_OBJECT_CONVERSION = YES_AGGRESSIVE;
				CLANG_CXX_LANGUAGE_STANDARD = "gnu++20";
				CLANG_ENABLE_MODULES = YES;
				CLANG_ENABLE_OBJC_ARC = YES;
				CLANG_ENABLE_OBJC_WEAK = YES;
				CLANG_WARN_BLOCK_CAPTURE_AUTORELEASING = YES;
				CLANG_WARN_BOOL_CONVERSION = YES;
				CLANG_WARN_COMMA = YES;
				CLANG_WARN_CONSTANT_CONVERSION = YES;
				CLANG_WARN_DEPRECATED_OBJC_IMPLEMENTATIONS = YES;
				CLANG_WARN_DIRECT_OBJC_ISA_USAGE = YES_ERROR;
				CLANG_WARN_DOCUMENTATION_COMMENTS = YES;
				CLANG_WARN_EMPTY_BODY = YES;
				CLANG_WARN_ENUM_CONVERSION = YES;
				CLANG_WARN_INFINITE_RECURSION = YES;
				CLANG_WARN_INT_CONVERSION = YES;
				CLANG_WARN_NON_LITERAL_NULL_CONVERSION = YES;
				CLANG_WARN_OBJC_IMPLICIT_RETAIN_SELF = YES;
				CLANG_WARN_OBJC_LITERAL_CONVERSION = YES;
				CLANG_WARN_OBJC_ROOT_CLASS = YES_ERROR;
				CLANG_WARN_QUOTED_INCLUDE_IN_FRAMEWORK_HEADER = YES;
				CLANG_WARN_RANGE_LOOP_ANALYSIS = YES;
				CLANG_WARN_STRICT_PROTOTYPES = YES;
				CLANG_WARN_SUSPICIOUS_MOVE = YES;
				CLANG_WARN_UNGUARDED_AVAILABILITY = YES_AGGRESSIVE;
				CLANG_WARN_UNREACHABLE_CODE = YES;
				CLANG_WARN__DUPLICATE_METHOD_MATCH = YES;
				COPY_PHASE_STRIP = NO;
				DEBUG_INFORMATION_FORMAT = "dwarf-with-dsym";
				ENABLE_NS_ASSERTIONS = NO;
				ENABLE_STRICT_OBJC_MSGSEND = YES;
				ENABLE_USER_SCRIPT_SANDBOXING = YES;
				GCC_C_LANGUAGE_STANDARD = gnu17;
				GCC_NO_COMMON_BLOCKS = YES;
				GCC_WARN_64_TO_32_BIT_CONVERSION = YES;
				GCC_WARN_ABOUT_RETURN_TYPE = YES_ERROR;
				GCC_WARN_UNDECLARED_SELECTOR = YES;
				GCC_WARN_UNINITIALIZED_AUTOS = YES_AGGRESSIVE;
				GCC_WARN_UNUSED_FUNCTION = YES;
				GCC_WARN_UNUSED_VARIABLE = YES;
				IPHONEOS_DEPLOYMENT_TARGET = 18.2;
				LOCALIZATION_PREFERS_STRING_CATALOGS = YES;
				MTL_ENABLE_DEBUG_INFO = NO;
				MTL_FAST_MATH = YES;
				SDKROOT = iphoneos;
				SWIFT_COMPILATION_MODE = wholemodule;
				VALIDATE_PRODUCT = YES;
			};
			name = Release;
		};
		A4F786512DB80A4D000BBAB4 /* Debug */ = {
			isa = XCBuildConfiguration;
			buildSettings = {
				ASSETCATALOG_COMPILER_APPICON_NAME = AppIcon;
				ASSETCATALOG_COMPILER_GLOBAL_ACCENT_COLOR_NAME = AccentColor;
				CODE_SIGN_STYLE = Automatic;
				CURRENT_PROJECT_VERSION = 1;
				DEVELOPMENT_ASSET_PATHS = "\"dawg-facts/Preview Content\"";
				ENABLE_PREVIEWS = YES;
				GENERATE_INFOPLIST_FILE = YES;
				INFOPLIST_KEY_UIApplicationSceneManifest_Generation = YES;
				INFOPLIST_KEY_UIApplicationSupportsIndirectInputEvents = YES;
				INFOPLIST_KEY_UILaunchScreen_Generation = YES;
				INFOPLIST_KEY_UISupportedInterfaceOrientations_iPad = "UIInterfaceOrientationPortrait UIInterfaceOrientationPortraitUpsideDown UIInterfaceOrientationLandscapeLeft UIInterfaceOrientationLandscapeRight";
				INFOPLIST_KEY_UISupportedInterfaceOrientations_iPhone = "UIInterfaceOrientationPortrait UIInterfaceOrientationLandscapeLeft UIInterfaceOrientationLandscapeRight";
				LD_RUNPATH_SEARCH_PATHS = (
					"$(inherited)",
					"@executable_path/Frameworks",
				);
				MARKETING_VERSION = 1.0;
				PRODUCT_BUNDLE_IDENTIFIER = "App-Team-Carolina.dawg-facts";
				PRODUCT_NAME = "$(TARGET_NAME)";
				SWIFT_EMIT_LOC_STRINGS = YES;
				SWIFT_VERSION = 5.0;
				TARGETED_DEVICE_FAMILY = "1,2";
			};
			name = Debug;
		};
		A4F786522DB80A4D000BBAB4 /* Release */ = {
			isa = XCBuildConfiguration;
			buildSettings = {
				ASSETCATALOG_COMPILER_APPICON_NAME = AppIcon;
				ASSETCATALOG_COMPILER_GLOBAL_ACCENT_COLOR_NAME = AccentColor;
				CODE_SIGN_STYLE = Automatic;
				CURRENT_PROJECT_VERSION = 1;
				DEVELOPMENT_ASSET_PATHS = "\"dawg-facts/Preview Content\"";
				ENABLE_PREVIEWS = YES;
				GENERATE_INFOPLIST_FILE = YES;
				INFOPLIST_KEY_UIApplicationSceneManifest_Generation = YES;
				INFOPLIST_KEY_UIApplicationSupportsIndirectInputEvents = YES;
				INFOPLIST_KEY_UILaunchScreen_Generation = YES;
				INFOPLIST_KEY_UISupportedInterfaceOrientations_iPad = "UIInterfaceOrientationPortrait UIInterfaceOrientationPortraitUpsideDown UIInterfaceOrientationLandscapeLeft UIInterfaceOrientationLandscapeRight";
				INFOPLIST_KEY_UISupportedInterfaceOrientations_iPhone = "UIInterfaceOrientationPortrait UIInterfaceOrientationLandscapeLeft UIInterfaceOrientationLandscapeRight";
				LD_RUNPATH_SEARCH_PATHS = (
					"$(inherited)",
					"@executable_path/Frameworks",
				);
				MARKETING_VERSION = 1.0;
				PRODUCT_BUNDLE_IDENTIFIER = "App-Team-Carolina.dawg-facts";
				PRODUCT_NAME = "$(TARGET_NAME)";
				SWIFT_EMIT_LOC_STRINGS = YES;
				SWIFT_VERSION = 5.0;
				TARGETED_DEVICE_FAMILY = "1,2";
			};
			name = Release;
		};
		A4F786542DB80A4D000BBAB4 /* Debug */ = {
			isa = XCBuildConfiguration;
			buildSettings = {
				BUNDLE_LOADER = "$(TEST_HOST)";
				CODE_SIGN_STYLE = Automatic;
				CURRENT_PROJECT_VERSION = 1;
				GENERATE_INFOPLIST_FILE = YES;
				IPHONEOS_DEPLOYMENT_TARGET = 18.2;
				MARKETING_VERSION = 1.0;
				PRODUCT_BUNDLE_IDENTIFIER = "App-Team-Carolina.dawg-factsTests";
				PRODUCT_NAME = "$(TARGET_NAME)";
				SWIFT_EMIT_LOC_STRINGS = NO;
				SWIFT_VERSION = 5.0;
				TARGETED_DEVICE_FAMILY = "1,2";
				TEST_HOST = "$(BUILT_PRODUCTS_DIR)/dawg-facts.app/$(BUNDLE_EXECUTABLE_FOLDER_PATH)/dawg-facts";
			};
			name = Debug;
		};
		A4F786552DB80A4D000BBAB4 /* Release */ = {
			isa = XCBuildConfiguration;
			buildSettings = {
				BUNDLE_LOADER = "$(TEST_HOST)";
				CODE_SIGN_STYLE = Automatic;
				CURRENT_PROJECT_VERSION = 1;
				GENERATE_INFOPLIST_FILE = YES;
				IPHONEOS_DEPLOYMENT_TARGET = 18.2;
				MARKETING_VERSION = 1.0;
				PRODUCT_BUNDLE_IDENTIFIER = "App-Team-Carolina.dawg-factsTests";
				PRODUCT_NAME = "$(TARGET_NAME)";
				SWIFT_EMIT_LOC_STRINGS = NO;
				SWIFT_VERSION = 5.0;
				TARGETED_DEVICE_FAMILY = "1,2";
				TEST_HOST = "$(BUILT_PRODUCTS_DIR)/dawg-facts.app/$(BUNDLE_EXECUTABLE_FOLDER_PATH)/dawg-facts";
			};
			name = Release;
		};
		A4F786572DB80A4D000BBAB4 /* Debug */ = {
			isa = XCBuildConfiguration;
			buildSettings = {
				CODE_SIGN_STYLE = Automatic;
				CURRENT_PROJECT_VERSION = 1;
				GENERATE_INFOPLIST_FILE = YES;
				MARKETING_VERSION = 1.0;
				PRODUCT_BUNDLE_IDENTIFIER = "App-Team-Carolina.dawg-factsUITests";
				PRODUCT_NAME = "$(TARGET_NAME)";
				SWIFT_EMIT_LOC_STRINGS = NO;
				SWIFT_VERSION = 5.0;
				TARGETED_DEVICE_FAMILY = "1,2";
				TEST_TARGET_NAME = "dawg-facts";
			};
			name = Debug;
		};
		A4F786582DB80A4D000BBAB4 /* Release */ = {
			isa = XCBuildConfiguration;
			buildSettings = {
				CODE_SIGN_STYLE = Automatic;
				CURRENT_PROJECT_VERSION = 1;
				GENERATE_INFOPLIST_FILE = YES;
				MARKETING_VERSION = 1.0;
				PRODUCT_BUNDLE_IDENTIFIER = "App-Team-Carolina.dawg-factsUITests";
				PRODUCT_NAME = "$(TARGET_NAME)";
				SWIFT_EMIT_LOC_STRINGS = NO;
				SWIFT_VERSION = 5.0;
				TARGETED_DEVICE_FAMILY = "1,2";
				TEST_TARGET_NAME = "dawg-facts";
			};
			name = Release;
		};
/* End XCBuildConfiguration section */

/* Begin XCConfigurationList section */
		A4F786272DB80A4C000BBAB4 /* Build configuration list for PBXProject "dawg-facts" */ = {
			isa = XCConfigurationList;
			buildConfigurations = (
				A4F7864E2DB80A4D000BBAB4 /* Debug */,
				A4F7864F2DB80A4D000BBAB4 /* Release */,
			);
			defaultConfigurationIsVisible = 0;
			defaultConfigurationName = Release;
		};
		A4F786502DB80A4D000BBAB4 /* Build configuration list for PBXNativeTarget "dawg-facts" */ = {
			isa = XCConfigurationList;
			buildConfigurations = (
				A4F786512DB80A4D000BBAB4 /* Debug */,
				A4F786522DB80A4D000BBAB4 /* Release */,
			);
			defaultConfigurationIsVisible = 0;
			defaultConfigurationName = Release;
		};
		A4F786532DB80A4D000BBAB4 /* Build configuration list for PBXNativeTarget "dawg-factsTests" */ = {
			isa = XCConfigurationList;
			buildConfigurations = (
				A4F786542DB80A4D000BBAB4 /* Debug */,
				A4F786552DB80A4D000BBAB4 /* Release */,
			);
			defaultConfigurationIsVisible = 0;
			defaultConfigurationName = Release;
		};
		A4F786562DB80A4D000BBAB4 /* Build configuration list for PBXNativeTarget "dawg-factsUITests" */ = {
			isa = XCConfigurationList;
			buildConfigurations = (
				A4F786572DB80A4D000BBAB4 /* Debug */,
				A4F786582DB80A4D000BBAB4 /* Release */,
			);
			defaultConfigurationIsVisible = 0;
			defaultConfigurationName = Release;
		};
/* End XCConfigurationList section */
	};
	rootObject = A4F786242DB80A4C000BBAB4 /* Project object */;
}
